
Microsoft Visual Studio Solution File, Format Version 12.00
# Visual Studio Version 16
VisualStudioVersion = 16.0.31515.178
MinimumVisualStudioVersion = 10.0.40219.1
Project("{FAE04EC0-301F-11D3-BF4B-00C04F79EFBC}") = "Overtake", "Overtake\Overtake.csproj", "{B865E67E-E142-4D34-9176-E9F8F8DE737B}"
EndProject
Project("{FAE04EC0-301F-11D3-BF4B-00C04F79EFBC}") = "OvertakeSolver", "OvertakeSolver\OvertakeSolver.csproj", "{6C331962-CB5A-4C35-8F46-57644B8E48F2}"
EndProject
Global
	GlobalSection(SolutionConfigurationPlatforms) = preSolution
		Debug|Any CPU = Debug|Any CPU
		Release|Any CPU = Release|Any CPU
	EndGlobalSection
	GlobalSection(ProjectConfigurationPlatforms) = postSolution
		{B865E67E-E142-4D34-9176-E9F8F8DE737B}.Debug|Any CPU.ActiveCfg = Debug|Any CPU
		{B865E67E-E142-4D34-9176-E9F8F8DE737B}.Debug|Any CPU.Build.0 = Debug|Any CPU
		{B865E67E-E142-4D34-9176-E9F8F8DE737B}.Release|Any CPU.ActiveCfg = Release|Any CPU
		{B865E67E-E142-4D34-9176-E9F8F8DE737B}.Release|Any CPU.Build.0 = Release|Any CPU
		{6C331962-CB5A-4C35-8F46-57644B8E48F2}.Debug|Any CPU.ActiveCfg = Debug|Any CPU
		{6C331962-CB5A-4C35-8F46-57644B8E48F2}.Debug|Any CPU.Build.0 = Debug|Any CPU
		{6C331962-CB5A-4C35-8F46-57644B8E48F2}.Release|Any CPU.ActiveCfg = Release|Any CPU
		{6C331962-CB5A-4C35-8F46-57644B8E48F2}.Release|Any CPU.Build.0 = Release|Any CPU
	EndGlobalSection
	GlobalSection(SolutionProperties) = preSolution
		HideSolutionNode = FALSE
	EndGlobalSection
	GlobalSection(ExtensibilityGlobals) = postSolution
		SolutionGuid = {817FF22F-AEE1-4F15-9DD0-484FC562B3FE}
	EndGlobalSection
EndGlobal
